github.com/google/uuid v1.6.0 h1:0PAvN3IX9CcC4lloTgZEHtv1FA3dzDS6m+pWA4s4pu0=
github.com/google/uuid v1.6.0/go.mod h1:c9pHtjOLAKCC/UUao1oyc9OtwJuOm7qY2rAQkeQCr24=
github.com/prometheus/client_golang v1.20.5 h1:t23hCGT0nIejR7mj5v5gbB+T7Qkd59DR0XpZZ6YPXOI=
github.com/prometheus/client_golang v1.20.5/go.mod h1:HHUm4o6f3nSOuRNf2N27Gqcoi6hxIJEK0RnrOtPmGmo=
github.com/beorn7/perks v1.0.1 h1:Jb2eLZSsp3Dm28H1NyX4T2r0Qy9jHTXdLEb5bvBRLxo=
github.com/beorn7/perks v1.0.1/go.mod h1:yHCz/lC2lE+rCVsGII2ciJh2PpFzyx7tMljD1YMJumY=
github.com/cespare/xxhash/v2 v2.3.0 h1:FFomzcfEnbVmAXuAfEmJ7n993rVpQj6cuZ+ZX6w2IdM=
github.com/cespare/xxhash/v2 v2.3.0/go.mod h1:oJD46q9ZzCrfFjKZ6+/nl+Hco/at0sjoimo7kLpTiwI=
github.com/kr/text v0.2.0 h1:No6zGPkaW2e+kFxHAyq1wxodSal4SLEBGg0KISKzC6Q=
github.com/kr/text v0.2.0/go.mod h1:9jh5sgT2zolc6lNZS4FPWsCvCEhrM7HKecZXOE77xyY=
github.com/prometheus/client_model v0.6.1 h1:jNRwO08at+qkuSXAahdLyEyTUU0JaawqILpREgzUyrc=
github.com/prometheus/client_model v0.6.1/go.mod h1:k8w2b7Lj/ek/Y40H2KOFbfhUoqD8OHthDkq/1RG9HlY=
github.com/prometheus/common v0.60.0 h1:5B5W2eBzDtr3lN26Z0qmWbkszsZQ2BJ9mWuaFNHPwR0=
github.com/prometheus/common v0.60.0/go.mod h1:4eRV7kCm3fQeylXi4+Oel2E4q+VLd26cfwIINd13XP8=
github.com/prometheus/procfs v0.15.1 h1:0xrRPxrhIdhC/w8kPQKcJH5ocQ7auKNY1jZqZ7f+qm0=
github.com/prometheus/procfs v0.15.1/go.mod h1:TnQkf8yGT8Rwvd9t/k9cH1ZPB2SDSD36xgEv3CtsonE=
golang.org/x/sys v0.28.0 h1:DtR6g/59en50PoFRcrwQwawO0NMeuwledXF0KOCaqJU=
golang.org/x/sys v0.28.0/go.mod h1:0iezJfYh9OvijTm6dz6pm4cPOTt8CcNFksNlsW3VYN4=
google.golang.org/protobuf v1.36.3 h1:yEQ0lp0RDdUK9ONRbNc+617V/KqmimWEjErOrPf+HYk=
google.golang.org/protobuf v1.36.3/go.mod h1:GaQE2wpx6lbBYAPgJ5lX8Eqmk2Pvlmxt+NLZjikf+VM=
