github.com/beorn7/perks v1.0.1 h1:Wb94wpDePKkWSP7WpKpeDQ/x5O0OhhRDmtEogRWgOtg=
github.com/beorn7/perks v1.0.1/go.mod h1:SG72HVIR8E9n58fmOCQnOZ0Cd2KNp/it5aDrSINKDa8=
github.com/cespare/xxhash/v2 v2.3.0 h1:UL815xU9S2FavCuSyl/SBfQYi+0ivJ/Nh+wPmSWHUN8=
github.com/cespare/xxhash/v2 v2.3.0/go.mod h1:VG30BriWrLPi2CLlKLhn5Cyyi7XejCEw9WjYbC/f3Kg=
github.com/davecgh/go-spew v1.1.1 h1:vj9jRU1waq5ZLezGEx+MIIaoNSO5+0+80yEiSYNBJk=
github.com/davecgh/go-spew v1.1.1/go.mod h1:J7YyhYkeXq1Qg2O1EOv7AcgZ6/F9JMPQNUQYmF3Y+vs=
github.com/go-logr/logr v1.4.2 h1:6pTfd3AQgPBMAlLBaVKM8jm6J3QfN0a/cJgDsaZRgk=
github.com/go-logr/logr v1.4.2/go.mod h1:9kFXzRClLcdcWY4CzMtNGVGJJPEKz+0W0DnEoQvkc=
github.com/go-logr/stdr v1.2.2 h1:hSWzHoqT/SaWK8ASs9PSlTcu1VsEVb7SFA1qF7T3YE=
github.com/go-logr/stdr v1.2.2/go.mod h1:9MhHhjRDVwJ4M5EJiX6Y6+FfSg4F0xKgT4VdFpqJfM=
github.com/google/uuid v1.6.0 h1:TI1rdI8s6BceYhOjyZ3QReGnMsfGVA872qh9GgM4aLY=
github.com/google/uuid v1.6.0/go.mod h1:TI1rdI8s6BceYhOjyZ3QReGnMsfGVA872qh9GgM4aLY=
github.com/klauspost/compress v1.18.0 h1:RGoXS2PMagG/ST1snU5n1rF+FgMBBZmHgZh67w2R8U=
github.com/klauspost/compress v1.18.0/go.mod h1:OQ9HvebsA42JBA5VsN2M09MRb8I+uoGh2t+sHbCO0+I=
github.com/munnerz/goautoneg v0.0.0-20191010083416-a7dc8b682841 h1:C3w9Pqiso6nrbD8+pY8/GtpME/1luXYbRf20fJLh4g=
github.com/munnerz/goautoneg v0.0.0-20191010083416-a7dc8b682841/go.mod h1:C3w9Pqiso6nrbD8+pY8.tpME/1luXYbRf20fJLh4g=
github.com/prometheus/client_model v0.6.1 h1:ZWTiG8vYCnKZjUgCoMNIXNQfkgvqfkF7P5vMwE4Y4s=
github.com/prometheus/client_model v0.6.1/go.mod h1:bBpP144ilhxOg2W0eCjJUJQj1n+eMma2Ob0rOZJ2ul4=
github.com/prometheus/common v0.60.0 h1:d+S6h7urVSvpjDZQ4jhg6gi7F3um9bJW0sRkBjMkP8=
github.com/prometheus/common v0.60.0/go.mod h1:8tXmWekYbUfEJq0M/iwMNT8n56iP4GJXiMTYBvE3E0=
github.com/prometheus/procfs v0.15.1 h1:Y7HpKEfNQkjyLncdTAuQI6Sp7U5G4H7Fhg3O3dOoH8=
github.com/prometheus/procfs v0.15.1/go.mod h1:8bv7gTfhQJKWFHi24SrrkCZVh2A2WtyM8MQ46S6m1Q=
github.com/prometheus/common v0.60.0 h1:dS8qDg+2g0GE4P9fW4M7Lt6nZ1+LQVLO8tAK5d8f2E=
github.com/prometheus/common v0.60.0/go.mod h1:8tXmWekYbUfEJq0M/iwMNT8n56iP4GJXiMTYBvE3E0=
github.com/prometheus/procfs v0.15.1 h1:Y7HpKEfNQkjyLncdTAuQI6Sp7U5G4H7Fhg3O3dOoH8=
github.com/prometheus/procfs v0.15.1/go.mod h1:8bv7gTfhQJKWFHi24SrrkCZVh2A2WtyM8MQ46S6m1Q=
github.com/beorn7/perks v1.0.1 h1:Wb94wpDePKkWSP7WpKpeDQ/x5O0OhhRDmtEogRWgOtg=
github.com/beorn7/perks v1.0.1/go.mod h1:SG72HVIR8E9n58fmOCQnOZ0Cd2KNp/it5aDrSINKDa=
golang.org/x/sys v0.20.0 h1:Q9Sw4+mVmh01H4zDAR9I1cO0mD7MIY1+gi0HPeB3Ey=
golang.org/x/sys v0.20.0/go.mod h1:/VUy7aMFE90E6WDw7S5RRHDbfaF3Th8dM7s3PpBcME=
gopkg.in/check.v1 v0.0.0-20161208181129-38e5d4642f32 h1:5S0P+9HSs7aY1Ck5bWuSLW4n1lMw8mO2m1m3qC8C0o=
gopkg.in/check.v1 v0.0.0-20161208181129-38e5d4642f32/go.mod h1:5S0P+9HSs7aY1Ck5bWuSLW4n1lMw8mO2m1m3qC8C0o=
